
Microsoft Visual Studio Solution File, Format Version 11.00
# Visual Studio 2010
Project("{FAE04EC0-301F-11D3-BF4B-00C04F79EFBC}") = "PhotoShack", "PhotoShack\PhotoShack.csproj", "{00160126-9197-48BC-83DD-4563D8457AF4}"
EndProject
Project("{FAE04EC0-301F-11D3-BF4B-00C04F79EFBC}") = "CommonUI", "CommonUI\CommonUI.csproj", "{D2E1C91C-B9E9-4A0B-8AB9-568002E63D9D}"
EndProject
Project("{FAE04EC0-301F-11D3-BF4B-00C04F79EFBC}") = "DataObjects", "DataObjects\DataObjects.csproj", "{15A2495F-DB9E-45C0-98C4-48BE31C36A2A}"
EndProject
Global
	GlobalSection(SolutionConfigurationPlatforms) = preSolution
		Debug|Any CPU = Debug|Any CPU
		Release|Any CPU = Release|Any CPU
	EndGlobalSection
	GlobalSection(ProjectConfigurationPlatforms) = postSolution
		{00160126-9197-48BC-83DD-4563D8457AF4}.Debug|Any CPU.ActiveCfg = Debug|Any CPU
		{00160126-9197-48BC-83DD-4563D8457AF4}.Debug|Any CPU.Build.0 = Debug|Any CPU
		{00160126-9197-48BC-83DD-4563D8457AF4}.Release|Any CPU.ActiveCfg = Release|Any CPU
		{00160126-9197-48BC-83DD-4563D8457AF4}.Release|Any CPU.Build.0 = Release|Any CPU
		{D2E1C91C-B9E9-4A0B-8AB9-568002E63D9D}.Debug|Any CPU.ActiveCfg = Debug|Any CPU
		{D2E1C91C-B9E9-4A0B-8AB9-568002E63D9D}.Debug|Any CPU.Build.0 = Debug|Any CPU
		{D2E1C91C-B9E9-4A0B-8AB9-568002E63D9D}.Release|Any CPU.ActiveCfg = Release|Any CPU
		{D2E1C91C-B9E9-4A0B-8AB9-568002E63D9D}.Release|Any CPU.Build.0 = Release|Any CPU
		{15A2495F-DB9E-45C0-98C4-48BE31C36A2A}.Debug|Any CPU.ActiveCfg = Debug|Any CPU
		{15A2495F-DB9E-45C0-98C4-48BE31C36A2A}.Debug|Any CPU.Build.0 = Debug|Any CPU
		{15A2495F-DB9E-45C0-98C4-48BE31C36A2A}.Release|Any CPU.ActiveCfg = Release|Any CPU
		{15A2495F-DB9E-45C0-98C4-48BE31C36A2A}.Release|Any CPU.Build.0 = Release|Any CPU
	EndGlobalSection
	GlobalSection(SolutionProperties) = preSolution
		HideSolutionNode = FALSE
	EndGlobalSection
EndGlobal
